// !$*UTF8*$!
{
	archiveVersion = 1;
	classes = {
	};
	objectVersion = 55;
	objects = {

/* Begin PBXBuildFile section */
		280C5020C8582FDEC6C49D79 /* Pods_MintynTests.framework in Frameworks */ = {isa = PBXBuildFile; fileRef = B5E125FBF5A740F627D302C7 /* Pods_MintynTests.framework */; };
		8560064B88399830696F424B /* Pods_Mintyn.framework in Frameworks */ = {isa = PBXBuildFile; fileRef = 7D591B7FAF2D56101F2F28DB /* Pods_Mintyn.framework */; };
		CAF27351285A934300E20E4B /* AppDelegate.swift in Sources */ = {isa = PBXBuildFile; fileRef = CAF27350285A934300E20E4B /* AppDelegate.swift */; };
		CAF27353285A934300E20E4B /* SceneDelegate.swift in Sources */ = {isa = PBXBuildFile; fileRef = CAF27352285A934300E20E4B /* SceneDelegate.swift */; };
		CAF27355285A934300E20E4B /* LoginViewController.swift in Sources */ = {isa = PBXBuildFile; fileRef = CAF27354285A934300E20E4B /* LoginViewController.swift */; };
		CAF27358285A934300E20E4B /* Main.storyboard in Resources */ = {isa = PBXBuildFile; fileRef = CAF27356285A934300E20E4B /* Main.storyboard */; };
		CAF2735A285A934500E20E4B /* Assets.xcassets in Resources */ = {isa = PBXBuildFile; fileRef = CAF27359285A934500E20E4B /* Assets.xcassets */; };
		CAF2735D285A934500E20E4B /* LaunchScreen.storyboard in Resources */ = {isa = PBXBuildFile; fileRef = CAF2735B285A934500E20E4B /* LaunchScreen.storyboard */; };
		CAF27368285A934500E20E4B /* MintynTests.swift in Sources */ = {isa = PBXBuildFile; fileRef = CAF27367285A934500E20E4B /* MintynTests.swift */; };
		CAF27372285A934500E20E4B /* MintynUITests.swift in Sources */ = {isa = PBXBuildFile; fileRef = CAF27371285A934500E20E4B /* MintynUITests.swift */; };
		CAF27374285A934500E20E4B /* MintynUITestsLaunchTests.swift in Sources */ = {isa = PBXBuildFile; fileRef = CAF27373285A934500E20E4B /* MintynUITestsLaunchTests.swift */; };
		CAF27388285A9E6200E20E4B /* UIView+Extension.swift in Sources */ = {isa = PBXBuildFile; fileRef = CAF27387285A9E6200E20E4B /* UIView+Extension.swift */; };
		CAF2738C285B5A3200E20E4B /* HomeViewController.swift in Sources */ = {isa = PBXBuildFile; fileRef = CAF2738B285B5A3100E20E4B /* HomeViewController.swift */; };
		CAF2738E285B861F00E20E4B /* SettingsViewController.swift in Sources */ = {isa = PBXBuildFile; fileRef = CAF2738D285B861F00E20E4B /* SettingsViewController.swift */; };
		CAF27390285B868B00E20E4B /* SettingsViewItem.swift in Sources */ = {isa = PBXBuildFile; fileRef = CAF2738F285B868A00E20E4B /* SettingsViewItem.swift */; };
		CAF27393285B892500E20E4B /* SettingsTableViewCell.swift in Sources */ = {isa = PBXBuildFile; fileRef = CAF27392285B892500E20E4B /* SettingsTableViewCell.swift */; };
		CAF27395285B941800E20E4B /* LegalViewController.swift in Sources */ = {isa = PBXBuildFile; fileRef = CAF27394285B941700E20E4B /* LegalViewController.swift */; };
		CAF27397285B943100E20E4B /* SystemViewController.swift in Sources */ = {isa = PBXBuildFile; fileRef = CAF27396285B943100E20E4B /* SystemViewController.swift */; };
		CAF27399285B98D600E20E4B /* AppearanceMode.swift in Sources */ = {isa = PBXBuildFile; fileRef = CAF27398285B98D600E20E4B /* AppearanceMode.swift */; };
		CAF2739D285B9CE200E20E4B /* SystemTableViewCell.swift in Sources */ = {isa = PBXBuildFile; fileRef = CAF2739C285B9CE200E20E4B /* SystemTableViewCell.swift */; };
		EC2D94D72C3315C1C08B67B9 /* Pods_Mintyn_MintynUITests.framework in Frameworks */ = {isa = PBXBuildFile; fileRef = C7818BD6A6B4E19E8DE3A66C /* Pods_Mintyn_MintynUITests.framework */; };
/* End PBXBuildFile section */

/* Begin PBXContainerItemProxy section */
		CAF27364285A934500E20E4B /* PBXContainerItemProxy */ = {
			isa = PBXContainerItemProxy;
			containerPortal = CAF27345285A934300E20E4B /* Project object */;
			proxyType = 1;
			remoteGlobalIDString = CAF2734C285A934300E20E4B;
			remoteInfo = Mintyn;
		};
		CAF2736E285A934500E20E4B /* PBXContainerItemProxy */ = {
			isa = PBXContainerItemProxy;
			containerPortal = CAF27345285A934300E20E4B /* Project object */;
			proxyType = 1;
			remoteGlobalIDString = CAF2734C285A934300E20E4B;
			remoteInfo = Mintyn;
		};
/* End PBXContainerItemProxy section */

/* Begin PBXFileReference section */
		08924E5E1B0E87711B90DCCC /* Pods-Mintyn.release.xcconfig */ = {isa = PBXFileReference; includeInIndex = 1; lastKnownFileType = text.xcconfig; name = "Pods-Mintyn.release.xcconfig"; path = "Target Support Files/Pods-Mintyn/Pods-Mintyn.release.xcconfig"; sourceTree = "<group>"; };
		4F345786B73ADFE072F6E72F /* Pods-Mintyn-MintynUITests.release.xcconfig */ = {isa = PBXFileReference; includeInIndex = 1; lastKnownFileType = text.xcconfig; name = "Pods-Mintyn-MintynUITests.release.xcconfig"; path = "Target Support Files/Pods-Mintyn-MintynUITests/Pods-Mintyn-MintynUITests.release.xcconfig"; sourceTree = "<group>"; };
		7D591B7FAF2D56101F2F28DB /* Pods_Mintyn.framework */ = {isa = PBXFileReference; explicitFileType = wrapper.framework; includeInIndex = 0; path = Pods_Mintyn.framework; sourceTree = BUILT_PRODUCTS_DIR; };
		884B38C6995904DC99C205BA /* Pods-Mintyn.debug.xcconfig */ = {isa = PBXFileReference; includeInIndex = 1; lastKnownFileType = text.xcconfig; name = "Pods-Mintyn.debug.xcconfig"; path = "Target Support Files/Pods-Mintyn/Pods-Mintyn.debug.xcconfig"; sourceTree = "<group>"; };
		A5E929A1AE7010EC4EB4BE10 /* Pods-Mintyn-MintynUITests.debug.xcconfig */ = {isa = PBXFileReference; includeInIndex = 1; lastKnownFileType = text.xcconfig; name = "Pods-Mintyn-MintynUITests.debug.xcconfig"; path = "Target Support Files/Pods-Mintyn-MintynUITests/Pods-Mintyn-MintynUITests.debug.xcconfig"; sourceTree = "<group>"; };
		B2EC9D2BBE88B99CAB86BCF4 /* Pods-MintynTests.debug.xcconfig */ = {isa = PBXFileReference; includeInIndex = 1; lastKnownFileType = text.xcconfig; name = "Pods-MintynTests.debug.xcconfig"; path = "Target Support Files/Pods-MintynTests/Pods-MintynTests.debug.xcconfig"; sourceTree = "<group>"; };
		B5E125FBF5A740F627D302C7 /* Pods_MintynTests.framework */ = {isa = PBXFileReference; explicitFileType = wrapper.framework; includeInIndex = 0; path = Pods_MintynTests.framework; sourceTree = BUILT_PRODUCTS_DIR; };
		BBEA8D90A4769B2EBF51EB82 /* Pods-MintynTests.release.xcconfig */ = {isa = PBXFileReference; includeInIndex = 1; lastKnownFileType = text.xcconfig; name = "Pods-MintynTests.release.xcconfig"; path = "Target Support Files/Pods-MintynTests/Pods-MintynTests.release.xcconfig"; sourceTree = "<group>"; };
		C7818BD6A6B4E19E8DE3A66C /* Pods_Mintyn_MintynUITests.framework */ = {isa = PBXFileReference; explicitFileType = wrapper.framework; includeInIndex = 0; path = Pods_Mintyn_MintynUITests.framework; sourceTree = BUILT_PRODUCTS_DIR; };
		CAF2734D285A934300E20E4B /* Mintyn.app */ = {isa = PBXFileReference; explicitFileType = wrapper.application; includeInIndex = 0; path = Mintyn.app; sourceTree = BUILT_PRODUCTS_DIR; };
		CAF27350285A934300E20E4B /* AppDelegate.swift */ = {isa = PBXFileReference; lastKnownFileType = sourcecode.swift; path = AppDelegate.swift; sourceTree = "<group>"; };
		CAF27352285A934300E20E4B /* SceneDelegate.swift */ = {isa = PBXFileReference; lastKnownFileType = sourcecode.swift; path = SceneDelegate.swift; sourceTree = "<group>"; };
		CAF27354285A934300E20E4B /* LoginViewController.swift */ = {isa = PBXFileReference; lastKnownFileType = sourcecode.swift; path = LoginViewController.swift; sourceTree = "<group>"; };
		CAF27357285A934300E20E4B /* Base */ = {isa = PBXFileReference; lastKnownFileType = file.storyboard; name = Base; path = Base.lproj/Main.storyboard; sourceTree = "<group>"; };
		CAF27359285A934500E20E4B /* Assets.xcassets */ = {isa = PBXFileReference; lastKnownFileType = folder.assetcatalog; path = Assets.xcassets; sourceTree = "<group>"; };
		CAF2735C285A934500E20E4B /* Base */ = {isa = PBXFileReference; lastKnownFileType = file.storyboard; name = Base; path = Base.lproj/LaunchScreen.storyboard; sourceTree = "<group>"; };
		CAF2735E285A934500E20E4B /* Info.plist */ = {isa = PBXFileReference; lastKnownFileType = text.plist.xml; path = Info.plist; sourceTree = "<group>"; };
		CAF27363285A934500E20E4B /* MintynTests.xctest */ = {isa = PBXFileReference; explicitFileType = wrapper.cfbundle; includeInIndex = 0; path = MintynTests.xctest; sourceTree = BUILT_PRODUCTS_DIR; };
		CAF27367285A934500E20E4B /* MintynTests.swift */ = {isa = PBXFileReference; lastKnownFileType = sourcecode.swift; path = MintynTests.swift; sourceTree = "<group>"; };
		CAF2736D285A934500E20E4B /* MintynUITests.xctest */ = {isa = PBXFileReference; explicitFileType = wrapper.cfbundle; includeInIndex = 0; path = MintynUITests.xctest; sourceTree = BUILT_PRODUCTS_DIR; };
		CAF27371285A934500E20E4B /* MintynUITests.swift */ = {isa = PBXFileReference; lastKnownFileType = sourcecode.swift; path = MintynUITests.swift; sourceTree = "<group>"; };
		CAF27373285A934500E20E4B /* MintynUITestsLaunchTests.swift */ = {isa = PBXFileReference; lastKnownFileType = sourcecode.swift; path = MintynUITestsLaunchTests.swift; sourceTree = "<group>"; };
		CAF27387285A9E6200E20E4B /* UIView+Extension.swift */ = {isa = PBXFileReference; lastKnownFileType = sourcecode.swift; path = "UIView+Extension.swift"; sourceTree = "<group>"; };
		CAF2738B285B5A3100E20E4B /* HomeViewController.swift */ = {isa = PBXFileReference; lastKnownFileType = sourcecode.swift; path = HomeViewController.swift; sourceTree = "<group>"; };
		CAF2738D285B861F00E20E4B /* SettingsViewController.swift */ = {isa = PBXFileReference; lastKnownFileType = sourcecode.swift; path = SettingsViewController.swift; sourceTree = "<group>"; };
		CAF2738F285B868A00E20E4B /* SettingsViewItem.swift */ = {isa = PBXFileReference; lastKnownFileType = sourcecode.swift; path = SettingsViewItem.swift; sourceTree = "<group>"; };
		CAF27392285B892500E20E4B /* SettingsTableViewCell.swift */ = {isa = PBXFileReference; lastKnownFileType = sourcecode.swift; path = SettingsTableViewCell.swift; sourceTree = "<group>"; };
		CAF27394285B941700E20E4B /* LegalViewController.swift */ = {isa = PBXFileReference; lastKnownFileType = sourcecode.swift; path = LegalViewController.swift; sourceTree = "<group>"; };
		CAF27396285B943100E20E4B /* SystemViewController.swift */ = {isa = PBXFileReference; lastKnownFileType = sourcecode.swift; path = SystemViewController.swift; sourceTree = "<group>"; };
		CAF27398285B98D600E20E4B /* AppearanceMode.swift */ = {isa = PBXFileReference; lastKnownFileType = sourcecode.swift; path = AppearanceMode.swift; sourceTree = "<group>"; };
		CAF2739C285B9CE200E20E4B /* SystemTableViewCell.swift */ = {isa = PBXFileReference; lastKnownFileType = sourcecode.swift; path = SystemTableViewCell.swift; sourceTree = "<group>"; };
/* End PBXFileReference section */

/* Begin PBXFrameworksBuildPhase section */
		CAF2734A285A934300E20E4B /* Frameworks */ = {
			isa = PBXFrameworksBuildPhase;
			buildActionMask = 2147483647;
			files = (
				8560064B88399830696F424B /* Pods_Mintyn.framework in Frameworks */,
			);
			runOnlyForDeploymentPostprocessing = 0;
		};
		CAF27360285A934500E20E4B /* Frameworks */ = {
			isa = PBXFrameworksBuildPhase;
			buildActionMask = 2147483647;
			files = (
				280C5020C8582FDEC6C49D79 /* Pods_MintynTests.framework in Frameworks */,
			);
			runOnlyForDeploymentPostprocessing = 0;
		};
		CAF2736A285A934500E20E4B /* Frameworks */ = {
			isa = PBXFrameworksBuildPhase;
			buildActionMask = 2147483647;
			files = (
				EC2D94D72C3315C1C08B67B9 /* Pods_Mintyn_MintynUITests.framework in Frameworks */,
			);
			runOnlyForDeploymentPostprocessing = 0;
		};
/* End PBXFrameworksBuildPhase section */

/* Begin PBXGroup section */
		52CA21544A7582858B2718FC /* Pods */ = {
			isa = PBXGroup;
			children = (
				884B38C6995904DC99C205BA /* Pods-Mintyn.debug.xcconfig */,
				08924E5E1B0E87711B90DCCC /* Pods-Mintyn.release.xcconfig */,
				A5E929A1AE7010EC4EB4BE10 /* Pods-Mintyn-MintynUITests.debug.xcconfig */,
				4F345786B73ADFE072F6E72F /* Pods-Mintyn-MintynUITests.release.xcconfig */,
				B2EC9D2BBE88B99CAB86BCF4 /* Pods-MintynTests.debug.xcconfig */,
				BBEA8D90A4769B2EBF51EB82 /* Pods-MintynTests.release.xcconfig */,
			);
			path = Pods;
			sourceTree = "<group>";
		};
		625EF467FA5B2EF3BCABD2BD /* Frameworks */ = {
			isa = PBXGroup;
			children = (
				7D591B7FAF2D56101F2F28DB /* Pods_Mintyn.framework */,
				C7818BD6A6B4E19E8DE3A66C /* Pods_Mintyn_MintynUITests.framework */,
				B5E125FBF5A740F627D302C7 /* Pods_MintynTests.framework */,
			);
			name = Frameworks;
			sourceTree = "<group>";
		};
		CAF27344285A934300E20E4B = {
			isa = PBXGroup;
			children = (
				CAF2734F285A934300E20E4B /* Mintyn */,
				CAF27366285A934500E20E4B /* MintynTests */,
				CAF27370285A934500E20E4B /* MintynUITests */,
				CAF2734E285A934300E20E4B /* Products */,
				52CA21544A7582858B2718FC /* Pods */,
				625EF467FA5B2EF3BCABD2BD /* Frameworks */,
			);
			sourceTree = "<group>";
		};
		CAF2734E285A934300E20E4B /* Products */ = {
			isa = PBXGroup;
			children = (
				CAF2734D285A934300E20E4B /* Mintyn.app */,
				CAF27363285A934500E20E4B /* MintynTests.xctest */,
				CAF2736D285A934500E20E4B /* MintynUITests.xctest */,
			);
			name = Products;
			sourceTree = "<group>";
		};
		CAF2734F285A934300E20E4B /* Mintyn */ = {
			isa = PBXGroup;
			children = (
				CAF27389285B4D4D00E20E4B /* Utilities */,
				CAF27384285A95DF00E20E4B /* Resources */,
				CAF27383285A959600E20E4B /* Delegates */,
				CAF27382285A957900E20E4B /* Controllers */,
				CAF27381285A957200E20E4B /* Views */,
				CAF27380285A956700E20E4B /* Models */,
				CAF2735E285A934500E20E4B /* Info.plist */,
			);
			path = Mintyn;
			sourceTree = "<group>";
		};
		CAF27366285A934500E20E4B /* MintynTests */ = {
			isa = PBXGroup;
			children = (
				CAF27367285A934500E20E4B /* MintynTests.swift */,
			);
			path = MintynTests;
			sourceTree = "<group>";
		};
		CAF27370285A934500E20E4B /* MintynUITests */ = {
			isa = PBXGroup;
			children = (
				CAF27371285A934500E20E4B /* MintynUITests.swift */,
				CAF27373285A934500E20E4B /* MintynUITestsLaunchTests.swift */,
			);
			path = MintynUITests;
			sourceTree = "<group>";
		};
		CAF27380285A956700E20E4B /* Models */ = {
			isa = PBXGroup;
			children = (
				CAF2738F285B868A00E20E4B /* SettingsViewItem.swift */,
				CAF27398285B98D600E20E4B /* AppearanceMode.swift */,
			);
			path = Models;
			sourceTree = "<group>";
		};
		CAF27381285A957200E20E4B /* Views */ = {
			isa = PBXGroup;
			children = (
				CAF27391285B88F900E20E4B /* Cells */,
				CAF27385285A962100E20E4B /* Storyboards */,
			);
			path = Views;
			sourceTree = "<group>";
		};
		CAF27382285A957900E20E4B /* Controllers */ = {
			isa = PBXGroup;
			children = (
				CAF27354285A934300E20E4B /* LoginViewController.swift */,
				CAF2738B285B5A3100E20E4B /* HomeViewController.swift */,
				CAF2738D285B861F00E20E4B /* SettingsViewController.swift */,
				CAF27394285B941700E20E4B /* LegalViewController.swift */,
				CAF27396285B943100E20E4B /* SystemViewController.swift */,
			);
			path = Controllers;
			sourceTree = "<group>";
		};
		CAF27383285A959600E20E4B /* Delegates */ = {
			isa = PBXGroup;
			children = (
				CAF27350285A934300E20E4B /* AppDelegate.swift */,
				CAF27352285A934300E20E4B /* SceneDelegate.swift */,
			);
			path = Delegates;
			sourceTree = "<group>";
		};
		CAF27384285A95DF00E20E4B /* Resources */ = {
			isa = PBXGroup;
			children = (
				CAF27359285A934500E20E4B /* Assets.xcassets */,
			);
			path = Resources;
			sourceTree = "<group>";
		};
		CAF27385285A962100E20E4B /* Storyboards */ = {
			isa = PBXGroup;
			children = (
				CAF27356285A934300E20E4B /* Main.storyboard */,
				CAF2735B285A934500E20E4B /* LaunchScreen.storyboard */,
			);
			path = Storyboards;
			sourceTree = "<group>";
		};
		CAF27386285A9E3D00E20E4B /* Extension */ = {
			isa = PBXGroup;
			children = (
				CAF27387285A9E6200E20E4B /* UIView+Extension.swift */,
			);
			name = Extension;
			path = ..;
			sourceTree = "<group>";
		};
		CAF27389285B4D4D00E20E4B /* Utilities */ = {
			isa = PBXGroup;
			children = (
				CAF27386285A9E3D00E20E4B /* Extension */,
				CAF2738A285B4D6C00E20E4B /* Services */,
			);
			path = Utilities;
			sourceTree = "<group>";
		};
		CAF2738A285B4D6C00E20E4B /* Services */ = {
			isa = PBXGroup;
			children = (
			);
			path = Services;
			sourceTree = "<group>";
		};
		CAF27391285B88F900E20E4B /* Cells */ = {
			isa = PBXGroup;
			children = (
				CAF27392285B892500E20E4B /* SettingsTableViewCell.swift */,
				CAF2739C285B9CE200E20E4B /* SystemTableViewCell.swift */,
			);
			path = Cells;
			sourceTree = "<group>";
		};
/* End PBXGroup section */

/* Begin PBXNativeTarget section */
		CAF2734C285A934300E20E4B /* Mintyn */ = {
			isa = PBXNativeTarget;
			buildConfigurationList = CAF27377285A934500E20E4B /* Build configuration list for PBXNativeTarget "Mintyn" */;
			buildPhases = (
				2F26ED53243631217CBE8B06 /* [CP] Check Pods Manifest.lock */,
				CAF27349285A934300E20E4B /* Sources */,
				CAF2734A285A934300E20E4B /* Frameworks */,
				CAF2734B285A934300E20E4B /* Resources */,
				8FA4E7DC011497C8FFE37A5E /* [CP] Embed Pods Frameworks */,
			);
			buildRules = (
			);
			dependencies = (
			);
			name = Mintyn;
			productName = Mintyn;
			productReference = CAF2734D285A934300E20E4B /* Mintyn.app */;
			productType = "com.apple.product-type.application";
		};
		CAF27362285A934500E20E4B /* MintynTests */ = {
			isa = PBXNativeTarget;
			buildConfigurationList = CAF2737A285A934500E20E4B /* Build configuration list for PBXNativeTarget "MintynTests" */;
			buildPhases = (
				A44E60A624629E05F9034590 /* [CP] Check Pods Manifest.lock */,
				CAF2735F285A934500E20E4B /* Sources */,
				CAF27360285A934500E20E4B /* Frameworks */,
				CAF27361285A934500E20E4B /* Resources */,
			);
			buildRules = (
			);
			dependencies = (
				CAF27365285A934500E20E4B /* PBXTargetDependency */,
			);
			name = MintynTests;
			productName = MintynTests;
			productReference = CAF27363285A934500E20E4B /* MintynTests.xctest */;
			productType = "com.apple.product-type.bundle.unit-test";
		};
		CAF2736C285A934500E20E4B /* MintynUITests */ = {
			isa = PBXNativeTarget;
			buildConfigurationList = CAF2737D285A934500E20E4B /* Build configuration list for PBXNativeTarget "MintynUITests" */;
			buildPhases = (
				0107078E2F3A7CDE3988EE5C /* [CP] Check Pods Manifest.lock */,
				CAF27369285A934500E20E4B /* Sources */,
				CAF2736A285A934500E20E4B /* Frameworks */,
				CAF2736B285A934500E20E4B /* Resources */,
				1F9C7FEF6C95E745B1C5CBA1 /* [CP] Embed Pods Frameworks */,
			);
			buildRules = (
			);
			dependencies = (
				CAF2736F285A934500E20E4B /* PBXTargetDependency */,
			);
			name = MintynUITests;
			productName = MintynUITests;
			productReference = CAF2736D285A934500E20E4B /* MintynUITests.xctest */;
			productType = "com.apple.product-type.bundle.ui-testing";
		};
/* End PBXNativeTarget section */

/* Begin PBXProject section */
		CAF27345285A934300E20E4B /* Project object */ = {
			isa = PBXProject;
			attributes = {
				BuildIndependentTargetsInParallel = 1;
				LastSwiftUpdateCheck = 1330;
				LastUpgradeCheck = 1330;
				TargetAttributes = {
					CAF2734C285A934300E20E4B = {
						CreatedOnToolsVersion = 13.3.1;
					};
					CAF27362285A934500E20E4B = {
						CreatedOnToolsVersion = 13.3.1;
						TestTargetID = CAF2734C285A934300E20E4B;
					};
					CAF2736C285A934500E20E4B = {
						CreatedOnToolsVersion = 13.3.1;
						TestTargetID = CAF2734C285A934300E20E4B;
					};
				};
			};
			buildConfigurationList = CAF27348285A934300E20E4B /* Build configuration list for PBXProject "Mintyn" */;
			compatibilityVersion = "Xcode 13.0";
			developmentRegion = en;
			hasScannedForEncodings = 0;
			knownRegions = (
				en,
				Base,
			);
			mainGroup = CAF27344285A934300E20E4B;
			productRefGroup = CAF2734E285A934300E20E4B /* Products */;
			projectDirPath = "";
			projectRoot = "";
			targets = (
				CAF2734C285A934300E20E4B /* Mintyn */,
				CAF27362285A934500E20E4B /* MintynTests */,
				CAF2736C285A934500E20E4B /* MintynUITests */,
			);
		};
/* End PBXProject section */

/* Begin PBXResourcesBuildPhase section */
		CAF2734B285A934300E20E4B /* Resources */ = {
			isa = PBXResourcesBuildPhase;
			buildActionMask = 2147483647;
			files = (
				CAF2735D285A934500E20E4B /* LaunchScreen.storyboard in Resources */,
				CAF2735A285A934500E20E4B /* Assets.xcassets in Resources */,
				CAF27358285A934300E20E4B /* Main.storyboard in Resources */,
			);
			runOnlyForDeploymentPostprocessing = 0;
		};
		CAF27361285A934500E20E4B /* Resources */ = {
			isa = PBXResourcesBuildPhase;
			buildActionMask = 2147483647;
			files = (
			);
			runOnlyForDeploymentPostprocessing = 0;
		};
		CAF2736B285A934500E20E4B /* Resources */ = {
			isa = PBXResourcesBuildPhase;
			buildActionMask = 2147483647;
			files = (
			);
			runOnlyForDeploymentPostprocessing = 0;
		};
/* End PBXResourcesBuildPhase section */

/* Begin PBXShellScriptBuildPhase section */
		0107078E2F3A7CDE3988EE5C /* [CP] Check Pods Manifest.lock */ = {
			isa = PBXShellScriptBuildPhase;
			buildActionMask = 2147483647;
			files = (
			);
			inputFileListPaths = (
			);
			inputPaths = (
				"${PODS_PODFILE_DIR_PATH}/Podfile.lock",
				"${PODS_ROOT}/Manifest.lock",
			);
			name = "[CP] Check Pods Manifest.lock";
			outputFileListPaths = (
			);
			outputPaths = (
				"$(DERIVED_FILE_DIR)/Pods-Mintyn-MintynUITests-checkManifestLockResult.txt",
			);
			runOnlyForDeploymentPostprocessing = 0;
			shellPath = /bin/sh;
			shellScript = "diff \"${PODS_PODFILE_DIR_PATH}/Podfile.lock\" \"${PODS_ROOT}/Manifest.lock\" > /dev/null\nif [ $? != 0 ] ; then\n    # print error to STDERR\n    echo \"error: The sandbox is not in sync with the Podfile.lock. Run 'pod install' or update your CocoaPods installation.\" >&2\n    exit 1\nfi\n# This output is used by Xcode 'outputs' to avoid re-running this script phase.\necho \"SUCCESS\" > \"${SCRIPT_OUTPUT_FILE_0}\"\n";
			showEnvVarsInLog = 0;
		};
		1F9C7FEF6C95E745B1C5CBA1 /* [CP] Embed Pods Frameworks */ = {
			isa = PBXShellScriptBuildPhase;
			buildActionMask = 2147483647;
			files = (
			);
			inputFileListPaths = (
				"${PODS_ROOT}/Target Support Files/Pods-Mintyn-MintynUITests/Pods-Mintyn-MintynUITests-frameworks-${CONFIGURATION}-input-files.xcfilelist",
			);
			name = "[CP] Embed Pods Frameworks";
			outputFileListPaths = (
				"${PODS_ROOT}/Target Support Files/Pods-Mintyn-MintynUITests/Pods-Mintyn-MintynUITests-frameworks-${CONFIGURATION}-output-files.xcfilelist",
			);
			runOnlyForDeploymentPostprocessing = 0;
			shellPath = /bin/sh;
			shellScript = "\"${PODS_ROOT}/Target Support Files/Pods-Mintyn-MintynUITests/Pods-Mintyn-MintynUITests-frameworks.sh\"\n";
			showEnvVarsInLog = 0;
		};
		2F26ED53243631217CBE8B06 /* [CP] Check Pods Manifest.lock */ = {
			isa = PBXShellScriptBuildPhase;
			buildActionMask = 2147483647;
			files = (
			);
			inputFileListPaths = (
			);
			inputPaths = (
				"${PODS_PODFILE_DIR_PATH}/Podfile.lock",
				"${PODS_ROOT}/Manifest.lock",
			);
			name = "[CP] Check Pods Manifest.lock";
			outputFileListPaths = (
			);
			outputPaths = (
				"$(DERIVED_FILE_DIR)/Pods-Mintyn-checkManifestLockResult.txt",
			);
			runOnlyForDeploymentPostprocessing = 0;
			shellPath = /bin/sh;
			shellScript = "diff \"${PODS_PODFILE_DIR_PATH}/Podfile.lock\" \"${PODS_ROOT}/Manifest.lock\" > /dev/null\nif [ $? != 0 ] ; then\n    # print error to STDERR\n    echo \"error: The sandbox is not in sync with the Podfile.lock. Run 'pod install' or update your CocoaPods installation.\" >&2\n    exit 1\nfi\n# This output is used by Xcode 'outputs' to avoid re-running this script phase.\necho \"SUCCESS\" > \"${SCRIPT_OUTPUT_FILE_0}\"\n";
			showEnvVarsInLog = 0;
		};
		8FA4E7DC011497C8FFE37A5E /* [CP] Embed Pods Frameworks */ = {
			isa = PBXShellScriptBuildPhase;
			buildActionMask = 2147483647;
			files = (
			);
			inputFileListPaths = (
				"${PODS_ROOT}/Target Support Files/Pods-Mintyn/Pods-Mintyn-frameworks-${CONFIGURATION}-input-files.xcfilelist",
			);
			name = "[CP] Embed Pods Frameworks";
			outputFileListPaths = (
				"${PODS_ROOT}/Target Support Files/Pods-Mintyn/Pods-Mintyn-frameworks-${CONFIGURATION}-output-files.xcfilelist",
			);
			runOnlyForDeploymentPostprocessing = 0;
			shellPath = /bin/sh;
			shellScript = "\"${PODS_ROOT}/Target Support Files/Pods-Mintyn/Pods-Mintyn-frameworks.sh\"\n";
			showEnvVarsInLog = 0;
		};
		A44E60A624629E05F9034590 /* [CP] Check Pods Manifest.lock */ = {
			isa = PBXShellScriptBuildPhase;
			buildActionMask = 2147483647;
			files = (
			);
			inputFileListPaths = (
			);
			inputPaths = (
				"${PODS_PODFILE_DIR_PATH}/Podfile.lock",
				"${PODS_ROOT}/Manifest.lock",
			);
			name = "[CP] Check Pods Manifest.lock";
			outputFileListPaths = (
			);
			outputPaths = (
				"$(DERIVED_FILE_DIR)/Pods-MintynTests-checkManifestLockResult.txt",
			);
			runOnlyForDeploymentPostprocessing = 0;
			shellPath = /bin/sh;
			shellScript = "diff \"${PODS_PODFILE_DIR_PATH}/Podfile.lock\" \"${PODS_ROOT}/Manifest.lock\" > /dev/null\nif [ $? != 0 ] ; then\n    # print error to STDERR\n    echo \"error: The sandbox is not in sync with the Podfile.lock. Run 'pod install' or update your CocoaPods installation.\" >&2\n    exit 1\nfi\n# This output is used by Xcode 'outputs' to avoid re-running this script phase.\necho \"SUCCESS\" > \"${SCRIPT_OUTPUT_FILE_0}\"\n";
			showEnvVarsInLog = 0;
		};
/* End PBXShellScriptBuildPhase section */

/* Begin PBXSourcesBuildPhase section */
		CAF27349285A934300E20E4B /* Sources */ = {
			isa = PBXSourcesBuildPhase;
			buildActionMask = 2147483647;
			files = (
				CAF2739D285B9CE200E20E4B /* SystemTableViewCell.swift in Sources */,
				CAF2738C285B5A3200E20E4B /* HomeViewController.swift in Sources */,
				CAF27395285B941800E20E4B /* LegalViewController.swift in Sources */,
				CAF27390285B868B00E20E4B /* SettingsViewItem.swift in Sources */,
				CAF27393285B892500E20E4B /* SettingsTableViewCell.swift in Sources */,
				CAF27355285A934300E20E4B /* LoginViewController.swift in Sources */,
				CAF27351285A934300E20E4B /* AppDelegate.swift in Sources */,
				CAF27399285B98D600E20E4B /* AppearanceMode.swift in Sources */,
				CAF27388285A9E6200E20E4B /* UIView+Extension.swift in Sources */,
				CAF27397285B943100E20E4B /* SystemViewController.swift in Sources */,
				CAF27353285A934300E20E4B /* SceneDelegate.swift in Sources */,
				CAF2738E285B861F00E20E4B /* SettingsViewController.swift in Sources */,
			);
			runOnlyForDeploymentPostprocessing = 0;
		};
		CAF2735F285A934500E20E4B /* Sources */ = {
			isa = PBXSourcesBuildPhase;
			buildActionMask = 2147483647;
			files = (
				CAF27368285A934500E20E4B /* MintynTests.swift in Sources */,
			);
			runOnlyForDeploymentPostprocessing = 0;
		};
		CAF27369285A934500E20E4B /* Sources */ = {
			isa = PBXSourcesBuildPhase;
			buildActionMask = 2147483647;
			files = (
				CAF27372285A934500E20E4B /* MintynUITests.swift in Sources */,
				CAF27374285A934500E20E4B /* MintynUITestsLaunchTests.swift in Sources */,
			);
			runOnlyForDeploymentPostprocessing = 0;
		};
/* End PBXSourcesBuildPhase section */

/* Begin PBXTargetDependency section */
		CAF27365285A934500E20E4B /* PBXTargetDependency */ = {
			isa = PBXTargetDependency;
			target = CAF2734C285A934300E20E4B /* Mintyn */;
			targetProxy = CAF27364285A934500E20E4B /* PBXContainerItemProxy */;
		};
		CAF2736F285A934500E20E4B /* PBXTargetDependency */ = {
			isa = PBXTargetDependency;
			target = CAF2734C285A934300E20E4B /* Mintyn */;
			targetProxy = CAF2736E285A934500E20E4B /* PBXContainerItemProxy */;
		};
/* End PBXTargetDependency section */

/* Begin PBXVariantGroup section */
		CAF27356285A934300E20E4B /* Main.storyboard */ = {
			isa = PBXVariantGroup;
			children = (
				CAF27357285A934300E20E4B /* Base */,
			);
			name = Main.storyboard;
			sourceTree = "<group>";
		};
		CAF2735B285A934500E20E4B /* LaunchScreen.storyboard */ = {
			isa = PBXVariantGroup;
			children = (
				CAF2735C285A934500E20E4B /* Base */,
			);
			name = LaunchScreen.storyboard;
			sourceTree = "<group>";
		};
/* End PBXVariantGroup section */

/* Begin XCBuildConfiguration section */
		CAF27375285A934500E20E4B /* Debug */ = {
			isa = XCBuildConfiguration;
			buildSettings = {
				ALWAYS_SEARCH_USER_PATHS = NO;
				CLANG_ANALYZER_NONNULL = YES;
				CLANG_ANALYZER_NUMBER_OBJECT_CONVERSION = YES_AGGRESSIVE;
				CLANG_CXX_LANGUAGE_STANDARD = "gnu++17";
				CLANG_ENABLE_MODULES = YES;
				CLANG_ENABLE_OBJC_ARC = YES;
				CLANG_ENABLE_OBJC_WEAK = YES;
				CLANG_WARN_BLOCK_CAPTURE_AUTORELEASING = YES;
				CLANG_WARN_BOOL_CONVERSION = YES;
				CLANG_WARN_COMMA = YES;
				CLANG_WARN_CONSTANT_CONVERSION = YES;
				CLANG_WARN_DEPRECATED_OBJC_IMPLEMENTATIONS = YES;
				CLANG_WARN_DIRECT_OBJC_ISA_USAGE = YES_ERROR;
				CLANG_WARN_DOCUMENTATION_COMMENTS = YES;
				CLANG_WARN_EMPTY_BODY = YES;
				CLANG_WARN_ENUM_CONVERSION = YES;
				CLANG_WARN_INFINITE_RECURSION = YES;
				CLANG_WARN_INT_CONVERSION = YES;
				CLANG_WARN_NON_LITERAL_NULL_CONVERSION = YES;
				CLANG_WARN_OBJC_IMPLICIT_RETAIN_SELF = YES;
				CLANG_WARN_OBJC_LITERAL_CONVERSION = YES;
				CLANG_WARN_OBJC_ROOT_CLASS = YES_ERROR;
				CLANG_WARN_QUOTED_INCLUDE_IN_FRAMEWORK_HEADER = YES;
				CLANG_WARN_RANGE_LOOP_ANALYSIS = YES;
				CLANG_WARN_STRICT_PROTOTYPES = YES;
				CLANG_WARN_SUSPICIOUS_MOVE = YES;
				CLANG_WARN_UNGUARDED_AVAILABILITY = YES_AGGRESSIVE;
				CLANG_WARN_UNREACHABLE_CODE = YES;
				CLANG_WARN__DUPLICATE_METHOD_MATCH = YES;
				COPY_PHASE_STRIP = NO;
				DEBUG_INFORMATION_FORMAT = dwarf;
				ENABLE_STRICT_OBJC_MSGSEND = YES;
				ENABLE_TESTABILITY = YES;
				GCC_C_LANGUAGE_STANDARD = gnu11;
				GCC_DYNAMIC_NO_PIC = NO;
				GCC_NO_COMMON_BLOCKS = YES;
				GCC_OPTIMIZATION_LEVEL = 0;
				GCC_PREPROCESSOR_DEFINITIONS = (
					"DEBUG=1",
					"$(inherited)",
				);
				GCC_WARN_64_TO_32_BIT_CONVERSION = YES;
				GCC_WARN_ABOUT_RETURN_TYPE = YES_ERROR;
				GCC_WARN_UNDECLARED_SELECTOR = YES;
				GCC_WARN_UNINITIALIZED_AUTOS = YES_AGGRESSIVE;
				GCC_WARN_UNUSED_FUNCTION = YES;
				GCC_WARN_UNUSED_VARIABLE = YES;
				IPHONEOS_DEPLOYMENT_TARGET = 15.4;
				MTL_ENABLE_DEBUG_INFO = INCLUDE_SOURCE;
				MTL_FAST_MATH = YES;
				ONLY_ACTIVE_ARCH = YES;
				SDKROOT = iphoneos;
				SWIFT_ACTIVE_COMPILATION_CONDITIONS = DEBUG;
				SWIFT_OPTIMIZATION_LEVEL = "-Onone";
			};
			name = Debug;
		};
		CAF27376285A934500E20E4B /* Release */ = {
			isa = XCBuildConfiguration;
			buildSettings = {
				ALWAYS_SEARCH_USER_PATHS = NO;
				CLANG_ANALYZER_NONNULL = YES;
				CLANG_ANALYZER_NUMBER_OBJECT_CONVERSION = YES_AGGRESSIVE;
				CLANG_CXX_LANGUAGE_STANDARD = "gnu++17";
				CLANG_ENABLE_MODULES = YES;
				CLANG_ENABLE_OBJC_ARC = YES;
				CLANG_ENABLE_OBJC_WEAK = YES;
				CLANG_WARN_BLOCK_CAPTURE_AUTORELEASING = YES;
				CLANG_WARN_BOOL_CONVERSION = YES;
				CLANG_WARN_COMMA = YES;
				CLANG_WARN_CONSTANT_CONVERSION = YES;
				CLANG_WARN_DEPRECATED_OBJC_IMPLEMENTATIONS = YES;
				CLANG_WARN_DIRECT_OBJC_ISA_USAGE = YES_ERROR;
				CLANG_WARN_DOCUMENTATION_COMMENTS = YES;
				CLANG_WARN_EMPTY_BODY = YES;
				CLANG_WARN_ENUM_CONVERSION = YES;
				CLANG_WARN_INFINITE_RECURSION = YES;
				CLANG_WARN_INT_CONVERSION = YES;
				CLANG_WARN_NON_LITERAL_NULL_CONVERSION = YES;
				CLANG_WARN_OBJC_IMPLICIT_RETAIN_SELF = YES;
				CLANG_WARN_OBJC_LITERAL_CONVERSION = YES;
				CLANG_WARN_OBJC_ROOT_CLASS = YES_ERROR;
				CLANG_WARN_QUOTED_INCLUDE_IN_FRAMEWORK_HEADER = YES;
				CLANG_WARN_RANGE_LOOP_ANALYSIS = YES;
				CLANG_WARN_STRICT_PROTOTYPES = YES;
				CLANG_WARN_SUSPICIOUS_MOVE = YES;
				CLANG_WARN_UNGUARDED_AVAILABILITY = YES_AGGRESSIVE;
				CLANG_WARN_UNREACHABLE_CODE = YES;
				CLANG_WARN__DUPLICATE_METHOD_MATCH = YES;
				COPY_PHASE_STRIP = NO;
				DEBUG_INFORMATION_FORMAT = "dwarf-with-dsym";
				ENABLE_NS_ASSERTIONS = NO;
				ENABLE_STRICT_OBJC_MSGSEND = YES;
				GCC_C_LANGUAGE_STANDARD = gnu11;
				GCC_NO_COMMON_BLOCKS = YES;
				GCC_WARN_64_TO_32_BIT_CONVERSION = YES;
				GCC_WARN_ABOUT_RETURN_TYPE = YES_ERROR;
				GCC_WARN_UNDECLARED_SELECTOR = YES;
				GCC_WARN_UNINITIALIZED_AUTOS = YES_AGGRESSIVE;
				GCC_WARN_UNUSED_FUNCTION = YES;
				GCC_WARN_UNUSED_VARIABLE = YES;
				IPHONEOS_DEPLOYMENT_TARGET = 15.4;
				MTL_ENABLE_DEBUG_INFO = NO;
				MTL_FAST_MATH = YES;
				SDKROOT = iphoneos;
				SWIFT_COMPILATION_MODE = wholemodule;
				SWIFT_OPTIMIZATION_LEVEL = "-O";
				VALIDATE_PRODUCT = YES;
			};
			name = Release;
		};
		CAF27378285A934500E20E4B /* Debug */ = {
			isa = XCBuildConfiguration;
			baseConfigurationReference = 884B38C6995904DC99C205BA /* Pods-Mintyn.debug.xcconfig */;
			buildSettings = {
				ASSETCATALOG_COMPILER_APPICON_NAME = AppIcon;
				ASSETCATALOG_COMPILER_GLOBAL_ACCENT_COLOR_NAME = AccentColor;
				CODE_SIGN_STYLE = Automatic;
				CURRENT_PROJECT_VERSION = 1;
				DEVELOPMENT_TEAM = 777GN8TMM9;
				GENERATE_INFOPLIST_FILE = YES;
				INFOPLIST_FILE = Mintyn/Info.plist;
				INFOPLIST_KEY_UIApplicationSupportsIndirectInputEvents = YES;
				INFOPLIST_KEY_UILaunchStoryboardName = LaunchScreen;
				INFOPLIST_KEY_UIMainStoryboardFile = Main;
				INFOPLIST_KEY_UISupportedInterfaceOrientations = UIInterfaceOrientationPortrait;
				INFOPLIST_KEY_UISupportedInterfaceOrientations_iPad = "UIInterfaceOrientationPortrait UIInterfaceOrientationPortraitUpsideDown UIInterfaceOrientationLandscapeLeft UIInterfaceOrientationLandscapeRight";
				INFOPLIST_KEY_UISupportedInterfaceOrientations_iPhone = "UIInterfaceOrientationPortrait UIInterfaceOrientationLandscapeLeft UIInterfaceOrientationLandscapeRight";
				LD_RUNPATH_SEARCH_PATHS = (
					"$(inherited)",
					"@executable_path/Frameworks",
				);
				MARKETING_VERSION = 1.0;
				PRODUCT_BUNDLE_IDENTIFIER = com.bash.Mintyn;
				PRODUCT_NAME = "$(TARGET_NAME)";
				SWIFT_EMIT_LOC_STRINGS = YES;
				SWIFT_VERSION = 5.0;
				TARGETED_DEVICE_FAMILY = "1,2";
			};
			name = Debug;
		};
		CAF27379285A934500E20E4B /* Release */ = {
			isa = XCBuildConfiguration;
			baseConfigurationReference = 08924E5E1B0E87711B90DCCC /* Pods-Mintyn.release.xcconfig */;
			buildSettings = {
				ASSETCATALOG_COMPILER_APPICON_NAME = AppIcon;
				ASSETCATALOG_COMPILER_GLOBAL_ACCENT_COLOR_NAME = AccentColor;
				CODE_SIGN_STYLE = Automatic;
				CURRENT_PROJECT_VERSION = 1;
				DEVELOPMENT_TEAM = 777GN8TMM9;
				GENERATE_INFOPLIST_FILE = YES;
				INFOPLIST_FILE = Mintyn/Info.plist;
				INFOPLIST_KEY_UIApplicationSupportsIndirectInputEvents = YES;
				INFOPLIST_KEY_UILaunchStoryboardName = LaunchScreen;
				INFOPLIST_KEY_UIMainStoryboardFile = Main;
				INFOPLIST_KEY_UISupportedInterfaceOrientations = UIInterfaceOrientationPortrait;
				INFOPLIST_KEY_UISupportedInterfaceOrientations_iPad = "UIInterfaceOrientationPortrait UIInterfaceOrientationPortraitUpsideDown UIInterfaceOrientationLandscapeLeft UIInterfaceOrientationLandscapeRight";
				INFOPLIST_KEY_UISupportedInterfaceOrientations_iPhone = "UIInterfaceOrientationPortrait UIInterfaceOrientationLandscapeLeft UIInterfaceOrientationLandscapeRight";
				LD_RUNPATH_SEARCH_PATHS = (
					"$(inherited)",
					"@executable_path/Frameworks",
				);
				MARKETING_VERSION = 1.0;
				PRODUCT_BUNDLE_IDENTIFIER = com.bash.Mintyn;
				PRODUCT_NAME = "$(TARGET_NAME)";
				SWIFT_EMIT_LOC_STRINGS = YES;
				SWIFT_VERSION = 5.0;
				TARGETED_DEVICE_FAMILY = "1,2";
			};
			name = Release;
		};
		CAF2737B285A934500E20E4B /* Debug */ = {
			isa = XCBuildConfiguration;
			baseConfigurationReference = B2EC9D2BBE88B99CAB86BCF4 /* Pods-MintynTests.debug.xcconfig */;
			buildSettings = {
				ALWAYS_EMBED_SWIFT_STANDARD_LIBRARIES = YES;
				BUNDLE_LOADER = "$(TEST_HOST)";
				CODE_SIGN_STYLE = Automatic;
				CURRENT_PROJECT_VERSION = 1;
				DEVELOPMENT_TEAM = 777GN8TMM9;
				GENERATE_INFOPLIST_FILE = YES;
				IPHONEOS_DEPLOYMENT_TARGET = 15.4;
				MARKETING_VERSION = 1.0;
				PRODUCT_BUNDLE_IDENTIFIER = com.bash.MintynTests;
				PRODUCT_NAME = "$(TARGET_NAME)";
				SWIFT_EMIT_LOC_STRINGS = NO;
				SWIFT_VERSION = 5.0;
				TARGETED_DEVICE_FAMILY = "1,2";
				TEST_HOST = "$(BUILT_PRODUCTS_DIR)/Mintyn.app/Mintyn";
			};
			name = Debug;
		};
		CAF2737C285A934500E20E4B /* Release */ = {
			isa = XCBuildConfiguration;
			baseConfigurationReference = BBEA8D90A4769B2EBF51EB82 /* Pods-MintynTests.release.xcconfig */;
			buildSettings = {
				ALWAYS_EMBED_SWIFT_STANDARD_LIBRARIES = YES;
				BUNDLE_LOADER = "$(TEST_HOST)";
				CODE_SIGN_STYLE = Automatic;
				CURRENT_PROJECT_VERSION = 1;
				DEVELOPMENT_TEAM = 777GN8TMM9;
				GENERATE_INFOPLIST_FILE = YES;
				IPHONEOS_DEPLOYMENT_TARGET = 15.4;
				MARKETING_VERSION = 1.0;
				PRODUCT_BUNDLE_IDENTIFIER = com.bash.MintynTests;
				PRODUCT_NAME = "$(TARGET_NAME)";
				SWIFT_EMIT_LOC_STRINGS = NO;
				SWIFT_VERSION = 5.0;
				TARGETED_DEVICE_FAMILY = "1,2";
				TEST_HOST = "$(BUILT_PRODUCTS_DIR)/Mintyn.app/Mintyn";
			};
			name = Release;
		};
		CAF2737E285A934500E20E4B /* Debug */ = {
			isa = XCBuildConfiguration;
			baseConfigurationReference = A5E929A1AE7010EC4EB4BE10 /* Pods-Mintyn-MintynUITests.debug.xcconfig */;
			buildSettings = {
				ALWAYS_EMBED_SWIFT_STANDARD_LIBRARIES = YES;
				CODE_SIGN_STYLE = Automatic;
				CURRENT_PROJECT_VERSION = 1;
				DEVELOPMENT_TEAM = 777GN8TMM9;
				GENERATE_INFOPLIST_FILE = YES;
				MARKETING_VERSION = 1.0;
				PRODUCT_BUNDLE_IDENTIFIER = com.bash.MintynUITests;
				PRODUCT_NAME = "$(TARGET_NAME)";
				SWIFT_EMIT_LOC_STRINGS = NO;
				SWIFT_VERSION = 5.0;
				TARGETED_DEVICE_FAMILY = "1,2";
				TEST_TARGET_NAME = Mintyn;
			};
			name = Debug;
		};
		CAF2737F285A934500E20E4B /* Release */ = {
			isa = XCBuildConfiguration;
			baseConfigurationReference = 4F345786B73ADFE072F6E72F /* Pods-Mintyn-MintynUITests.release.xcconfig */;
			buildSettings = {
				ALWAYS_EMBED_SWIFT_STANDARD_LIBRARIES = YES;
				CODE_SIGN_STYLE = Automatic;
				CURRENT_PROJECT_VERSION = 1;
				DEVELOPMENT_TEAM = 777GN8TMM9;
				GENERATE_INFOPLIST_FILE = YES;
				MARKETING_VERSION = 1.0;
				PRODUCT_BUNDLE_IDENTIFIER = com.bash.MintynUITests;
				PRODUCT_NAME = "$(TARGET_NAME)";
				SWIFT_EMIT_LOC_STRINGS = NO;
				SWIFT_VERSION = 5.0;
				TARGETED_DEVICE_FAMILY = "1,2";
				TEST_TARGET_NAME = Mintyn;
			};
			name = Release;
		};
/* End XCBuildConfiguration section */

/* Begin XCConfigurationList section */
		CAF27348285A934300E20E4B /* Build configuration list for PBXProject "Mintyn" */ = {
			isa = XCConfigurationList;
			buildConfigurations = (
				CAF27375285A934500E20E4B /* Debug */,
				CAF27376285A934500E20E4B /* Release */,
			);
			defaultConfigurationIsVisible = 0;
			defaultConfigurationName = Release;
		};
		CAF27377285A934500E20E4B /* Build configuration list for PBXNativeTarget "Mintyn" */ = {
			isa = XCConfigurationList;
			buildConfigurations = (
				CAF27378285A934500E20E4B /* Debug */,
				CAF27379285A934500E20E4B /* Release */,
			);
			defaultConfigurationIsVisible = 0;
			defaultConfigurationName = Release;
		};
		CAF2737A285A934500E20E4B /* Build configuration list for PBXNativeTarget "MintynTests" */ = {
			isa = XCConfigurationList;
			buildConfigurations = (
				CAF2737B285A934500E20E4B /* Debug */,
				CAF2737C285A934500E20E4B /* Release */,
			);
			defaultConfigurationIsVisible = 0;
			defaultConfigurationName = Release;
		};
		CAF2737D285A934500E20E4B /* Build configuration list for PBXNativeTarget "MintynUITests" */ = {
			isa = XCConfigurationList;
			buildConfigurations = (
				CAF2737E285A934500E20E4B /* Debug */,
				CAF2737F285A934500E20E4B /* Release */,
			);
			defaultConfigurationIsVisible = 0;
			defaultConfigurationName = Release;
		};
/* End XCConfigurationList section */
	};
	rootObject = CAF27345285A934300E20E4B /* Project object */;
}
